
Microsoft Visual Studio Solution File, Format Version 12.00
# Visual Studio Version 16
VisualStudioVersion = 16.0.29123.88
MinimumVisualStudioVersion = 10.0.40219.1
Project("{FAE04EC0-301F-11D3-BF4B-00C04F79EFBC}") = "PersonalinformationFinder", "PersonalinformationFinder\PersonalinformationFinder.csproj", "{AE2EF482-A6F2-4F55-93DD-1527FF99BAD9}"
EndProject
Global
	GlobalSection(SolutionConfigurationPlatforms) = preSolution
		Debug|Any CPU = Debug|Any CPU
		Release|Any CPU = Release|Any CPU
	EndGlobalSection
	GlobalSection(ProjectConfigurationPlatforms) = postSolution
		{AE2EF482-A6F2-4F55-93DD-1527FF99BAD9}.Debug|Any CPU.ActiveCfg = Debug|Any CPU
		{AE2EF482-A6F2-4F55-93DD-1527FF99BAD9}.Debug|Any CPU.Build.0 = Debug|Any CPU
		{AE2EF482-A6F2-4F55-93DD-1527FF99BAD9}.Release|Any CPU.ActiveCfg = Release|Any CPU
		{AE2EF482-A6F2-4F55-93DD-1527FF99BAD9}.Release|Any CPU.Build.0 = Release|Any CPU
	EndGlobalSection
	GlobalSection(SolutionProperties) = preSolution
		HideSolutionNode = FALSE
	EndGlobalSection
	GlobalSection(ExtensibilityGlobals) = postSolution
		SolutionGuid = {DFA534C7-A92B-44FE-8C67-6A1CC199DABA}
	EndGlobalSection
EndGlobal
